
Microsoft Visual Studio Solution File, Format Version 12.00
# Visual Studio 15
VisualStudioVersion = 15.0.28307.852
MinimumVisualStudioVersion = 10.0.40219.1
Project("{FAE04EC0-301F-11D3-BF4B-00C04F79EFBC}") = "ChatApp", "ChatApp\ChatApp.csproj", "{7F5D5DC8-8C11-43F1-8D55-EAF5D0621C48}"
EndProject
Project("{FAE04EC0-301F-11D3-BF4B-00C04F79EFBC}") = "Communication", "Communication\Communication.csproj", "{62A14D79-1A4E-4DB6-A3B2-3718B78FD192}"
EndProject
Project("{FAE04EC0-301F-11D3-BF4B-00C04F79EFBC}") = "Server", "Server\Server.csproj", "{32864375-F2F7-4F22-84A2-C378B6EB13C4}"
EndProject
Global
	GlobalSection(SolutionConfigurationPlatforms) = preSolution
		Debug|Any CPU = Debug|Any CPU
		Release|Any CPU = Release|Any CPU
	EndGlobalSection
	GlobalSection(ProjectConfigurationPlatforms) = postSolution
		{7F5D5DC8-8C11-43F1-8D55-EAF5D0621C48}.Debug|Any CPU.ActiveCfg = Debug|Any CPU
		{7F5D5DC8-8C11-43F1-8D55-EAF5D0621C48}.Debug|Any CPU.Build.0 = Debug|Any CPU
		{7F5D5DC8-8C11-43F1-8D55-EAF5D0621C48}.Release|Any CPU.ActiveCfg = Release|Any CPU
		{7F5D5DC8-8C11-43F1-8D55-EAF5D0621C48}.Release|Any CPU.Build.0 = Release|Any CPU
		{62A14D79-1A4E-4DB6-A3B2-3718B78FD192}.Debug|Any CPU.ActiveCfg = Debug|Any CPU
		{62A14D79-1A4E-4DB6-A3B2-3718B78FD192}.Debug|Any CPU.Build.0 = Debug|Any CPU
		{62A14D79-1A4E-4DB6-A3B2-3718B78FD192}.Release|Any CPU.ActiveCfg = Release|Any CPU
		{62A14D79-1A4E-4DB6-A3B2-3718B78FD192}.Release|Any CPU.Build.0 = Release|Any CPU
		{32864375-F2F7-4F22-84A2-C378B6EB13C4}.Debug|Any CPU.ActiveCfg = Debug|Any CPU
		{32864375-F2F7-4F22-84A2-C378B6EB13C4}.Debug|Any CPU.Build.0 = Debug|Any CPU
		{32864375-F2F7-4F22-84A2-C378B6EB13C4}.Release|Any CPU.ActiveCfg = Release|Any CPU
		{32864375-F2F7-4F22-84A2-C378B6EB13C4}.Release|Any CPU.Build.0 = Release|Any CPU
	EndGlobalSection
	GlobalSection(SolutionProperties) = preSolution
		HideSolutionNode = FALSE
	EndGlobalSection
	GlobalSection(ExtensibilityGlobals) = postSolution
		SolutionGuid = {664A8CC6-7D05-4EE7-9154-7238CE100849}
	EndGlobalSection
EndGlobal
